
Microsoft Visual Studio Solution File, Format Version 12.00
# Visual Studio Version 17
VisualStudioVersion = 17.14.36705.20 d17.14
MinimumVisualStudioVersion = 10.0.40219.1
Project("{888888A0-9F3D-457C-B088-3A5042F75D52}") = "Md2PPT", "Md2PPT.pyproj", "{08410C64-F981-4DE1-80B0-FE93C6C60E62}"
EndProject
Global
	GlobalSection(SolutionConfigurationPlatforms) = preSolution
		Debug|Any CPU = Debug|Any CPU
		Release|Any CPU = Release|Any CPU
	EndGlobalSection
	GlobalSection(ProjectConfigurationPlatforms) = postSolution
		{08410C64-F981-4DE1-80B0-FE93C6C60E62}.Debug|Any CPU.ActiveCfg = Debug|Any CPU
		{08410C64-F981-4DE1-80B0-FE93C6C60E62}.Release|Any CPU.ActiveCfg = Release|Any CPU
	EndGlobalSection
	GlobalSection(SolutionProperties) = preSolution
		HideSolutionNode = FALSE
	EndGlobalSection
	GlobalSection(ExtensibilityGlobals) = postSolution
		SolutionGuid = {EFDD18AF-E2AA-40E7-94D4-516758CAA25E}
	EndGlobalSection
EndGlobal
